
Microsoft Visual Studio Solution File, Format Version 12.00
# Visual Studio 15
VisualStudioVersion = 15.0.27130.2003
MinimumVisualStudioVersion = 10.0.40219.1
Project("{9A19103F-16F7-4668-BE54-9A1E7A4F7556}") = "NBD.SDK", "NBD.SDK\NBD.SDK.csproj", "{A677BB69-6743-4904-9DA0-1966347CF5EA}"
EndProject
Project("{9A19103F-16F7-4668-BE54-9A1E7A4F7556}") = "NBD.Tracker", "NBD.Tracker\NBD.Tracker.csproj", "{D118770E-E12E-4357-B5DB-07842F3FDF85}"
EndProject
Project("{E53339B2-1760-4266-BCC7-CA923CBCF16C}") = "docker-compose", "docker-compose.dcproj", "{30F63919-91A3-44B1-9F07-DB9C6BFA8063}"
EndProject
Project("{FAE04EC0-301F-11D3-BF4B-00C04F79EFBC}") = "NBD.Auth", "NBD.Auth\NBD.Auth.csproj", "{67D0EE0A-0E3C-45A3-B90E-4663066EF8FE}"
EndProject
Global
	GlobalSection(SolutionConfigurationPlatforms) = preSolution
		Debug|Any CPU = Debug|Any CPU
		Release|Any CPU = Release|Any CPU
	EndGlobalSection
	GlobalSection(ProjectConfigurationPlatforms) = postSolution
		{A677BB69-6743-4904-9DA0-1966347CF5EA}.Debug|Any CPU.ActiveCfg = Debug|Any CPU
		{A677BB69-6743-4904-9DA0-1966347CF5EA}.Debug|Any CPU.Build.0 = Debug|Any CPU
		{A677BB69-6743-4904-9DA0-1966347CF5EA}.Release|Any CPU.ActiveCfg = Release|Any CPU
		{A677BB69-6743-4904-9DA0-1966347CF5EA}.Release|Any CPU.Build.0 = Release|Any CPU
		{D118770E-E12E-4357-B5DB-07842F3FDF85}.Debug|Any CPU.ActiveCfg = Debug|Any CPU
		{D118770E-E12E-4357-B5DB-07842F3FDF85}.Debug|Any CPU.Build.0 = Debug|Any CPU
		{D118770E-E12E-4357-B5DB-07842F3FDF85}.Release|Any CPU.ActiveCfg = Release|Any CPU
		{D118770E-E12E-4357-B5DB-07842F3FDF85}.Release|Any CPU.Build.0 = Release|Any CPU
		{30F63919-91A3-44B1-9F07-DB9C6BFA8063}.Debug|Any CPU.ActiveCfg = Debug|Any CPU
		{30F63919-91A3-44B1-9F07-DB9C6BFA8063}.Debug|Any CPU.Build.0 = Debug|Any CPU
		{30F63919-91A3-44B1-9F07-DB9C6BFA8063}.Release|Any CPU.ActiveCfg = Release|Any CPU
		{30F63919-91A3-44B1-9F07-DB9C6BFA8063}.Release|Any CPU.Build.0 = Release|Any CPU
		{67D0EE0A-0E3C-45A3-B90E-4663066EF8FE}.Debug|Any CPU.ActiveCfg = Debug|Any CPU
		{67D0EE0A-0E3C-45A3-B90E-4663066EF8FE}.Debug|Any CPU.Build.0 = Debug|Any CPU
		{67D0EE0A-0E3C-45A3-B90E-4663066EF8FE}.Release|Any CPU.ActiveCfg = Release|Any CPU
		{67D0EE0A-0E3C-45A3-B90E-4663066EF8FE}.Release|Any CPU.Build.0 = Release|Any CPU
	EndGlobalSection
	GlobalSection(SolutionProperties) = preSolution
		HideSolutionNode = FALSE
	EndGlobalSection
	GlobalSection(ExtensibilityGlobals) = postSolution
		SolutionGuid = {8DA46F35-7FC0-4459-BCDE-046B22B89CA0}
	EndGlobalSection
EndGlobal
